Microsoft Visual Studio Solution File, Format Version 12.00
# Visual Studio Express 2013 for Windows Desktop
VisualStudioVersion = 12.0.30723.0
MinimumVisualStudioVersion = 10.0.40219.1
Project("{2150E333-8FDC-42A3-9474-1A3956D46DE8}") = "Tools", "Tools", "{D7133F8D-49F7-4D74-BD07-E96B8124C177}"
	ProjectSection(SolutionItems) = preProject
		..\Tools\InstallGateways.bat = ..\Tools\InstallGateways.bat
	EndProjectSection
EndProject
Project("{2150E333-8FDC-42A3-9474-1A3956D46DE8}") = "Documents", "Documents", "{5E899FB9-1537-4C9E-8B0D-6986D12A830B}"
	ProjectSection(SolutionItems) = preProject
		..\LICENSE = ..\LICENSE
		..\README.md = ..\README.md
	EndProjectSection
EndProject
Project("{2150E333-8FDC-42A3-9474-1A3956D46DE8}") = "Configuration", "Configuration", "{F9C13DB9-49FB-4909-8078-10BB0434DEDF}"
	ProjectSection(SolutionItems) = preProject
		..\Configuration\DiabloIIGameServer.ini = ..\Configuration\DiabloIIGameServer.ini
		..\Configuration\DiabloIIRealmServer.ini = ..\Configuration\DiabloIIRealmServer.ini
		..\Configuration\MasterServer.ini = ..\Configuration\MasterServer.ini
		..\Configuration\WarCraftIIIRouteServer.ini = ..\Configuration\WarCraftIIIRouteServer.ini
	EndProjectSection
EndProject
Project("{2150E333-8FDC-42A3-9474-1A3956D46DE8}") = "Code", "Code", "{4081D085-F3AC-41EA-A8A3-E16335BF5B30}"
EndProject
Project("{2150E333-8FDC-42A3-9474-1A3956D46DE8}") = "External", "External", "{BE6B5269-B011-412A-BFBC-FE7DF3CB279F}"
EndProject
Project("{2150E333-8FDC-42A3-9474-1A3956D46DE8}") = "Runtime", "Runtime", "{81CC1977-69B2-4838-9233-6A4D87FBB94F}"
EndProject
Project("{2150E333-8FDC-42A3-9474-1A3956D46DE8}") = "Programs", "Programs", "{F9C3FDA8-455F-4FCD-BA6F-636A2F148168}"
EndProject
Project("{2150E333-8FDC-42A3-9474-1A3956D46DE8}") = "DiabloIIGameServer", "DiabloIIGameServer", "{F3424010-902B-490F-AA71-870A22662C20}"
EndProject
Project("{2150E333-8FDC-42A3-9474-1A3956D46DE8}") = "DiabloIIRealmServer", "DiabloIIRealmServer", "{9884749E-3E8A-45C5-B64B-A74171D9088A}"
EndProject
Project("{2150E333-8FDC-42A3-9474-1A3956D46DE8}") = "WarCraftIIIRouteServer", "WarCraftIIIRouteServer", "{74691160-317F-4668-97A8-37FD30D91ACF}"
EndProject
Project("{2150E333-8FDC-42A3-9474-1A3956D46DE8}") = "MasterServer", "MasterServer", "{C994D99D-35F2-494C-84D6-19B84371C298}"
EndProject
Project("{FAE04EC0-301F-11D3-BF4B-00C04F79EFBC}") = "SharpBattleNet.External.BufferPool", "External\SharpBattleNet.External.BufferPool\SharpBattleNet.External.BufferPool.csproj", "{C81E12FD-6309-40CB-9FE5-39735C2D1FF9}"
EndProject
Project("{FAE04EC0-301F-11D3-BF4B-00C04F79EFBC}") = "SBNDiabloIIGameServer", "Programs\DiabloIIGameServer\SBNDiabloIIGameServer\SBNDiabloIIGameServer.csproj", "{7F4843B2-2205-4A25-9BE1-44CA646AC97D}"
EndProject
Project("{FAE04EC0-301F-11D3-BF4B-00C04F79EFBC}") = "SharpBattleNet.DiabloIIGameServer", "Programs\DiabloIIGameServer\SharpBattleNet.DiabloIIGameServer\SharpBattleNet.DiabloIIGameServer.csproj", "{8DB14FFE-D08D-428B-AFBB-52337352FDF5}"
EndProject
Project("{FAE04EC0-301F-11D3-BF4B-00C04F79EFBC}") = "SBNDiabloIIRealmServer", "Programs\DiabloIIRealmServer\SBNDiabloIIRealmServer\SBNDiabloIIRealmServer.csproj", "{BE5DBA5D-7B69-46AB-B58C-DEEC2C4922DA}"
EndProject
Project("{FAE04EC0-301F-11D3-BF4B-00C04F79EFBC}") = "SharpBattleNet.DiabloIIRealmServer", "Programs\DiabloIIRealmServer\SharpBattleNet.DiabloIIRealmServer\SharpBattleNet.DiabloIIRealmServer.csproj", "{72992102-9792-4899-B500-C0DC47736529}"
EndProject
Project("{FAE04EC0-301F-11D3-BF4B-00C04F79EFBC}") = "SBNMasterServer", "Programs\MasterServer\SBNMasterServer\SBNMasterServer.csproj", "{D40EE1B5-3BB9-4EF6-AFEB-825379914887}"
EndProject
Project("{FAE04EC0-301F-11D3-BF4B-00C04F79EFBC}") = "SharpBattleNet.MasterServer", "Programs\MasterServer\SharpBattleNet.MasterServer\SharpBattleNet.MasterServer.csproj", "{51A40588-DE5A-4EC8-8809-5C27C4851E52}"
EndProject
Project("{FAE04EC0-301F-11D3-BF4B-00C04F79EFBC}") = "SBNWarCraftIIIRouteServer", "Programs\WarCraftIIRouteServer\SBNWarCraftIIIRouter\SBNWarCraftIIIRouteServer.csproj", "{2B30BB09-89A5-40DE-8E17-9135691894B3}"
EndProject
Project("{FAE04EC0-301F-11D3-BF4B-00C04F79EFBC}") = "SharpBattleNet.WarCraftIIIRouteServer", "Programs\WarCraftIIRouteServer\SharpBattleNet.WarCraftIIRouterServer\SharpBattleNet.WarCraftIIIRouteServer.csproj", "{A99E4A43-869E-4D11-88E2-9E5A2B481FBA}"
EndProject
Project("{FAE04EC0-301F-11D3-BF4B-00C04F79EFBC}") = "SharpBattleNet.Runtime", "Runtime\SharpBattleNet.Runtime\SharpBattleNet.Runtime.csproj", "{FDB8D2C5-FD13-40E7-B629-CE71A68BB7B7}"
EndProject
Project("{FAE04EC0-301F-11D3-BF4B-00C04F79EFBC}") = "SharpBattleNet.Runtime.Networking", "Runtime\SharpBattleNet.Runtime.Networking\SharpBattleNet.Runtime.Networking.csproj", "{B838D207-FAD1-4EE1-95B5-DCB240D1A0AA}"
EndProject
Project("{FAE04EC0-301F-11D3-BF4B-00C04F79EFBC}") = "SharpBattleNet.Runtime.Networking.Packets", "Runtime\SharpBattleNet.Runtime.Networking.Packets\SharpBattleNet.Runtime.Networking.Packets.csproj", "{CD359F42-C4E6-4C6A-A1A7-C56951C8CC8A}"
EndProject
Project("{FAE04EC0-301F-11D3-BF4B-00C04F79EFBC}") = "SharpBattleNet.Runtime.Networking.TCP", "Runtime\SharpBattleNet.Runtime.Networking.TCP\SharpBattleNet.Runtime.Networking.TCP.csproj", "{C4E425C6-1817-4190-8358-6A822FD6D504}"
EndProject
Project("{FAE04EC0-301F-11D3-BF4B-00C04F79EFBC}") = "SharpBattleNet.Runtime.Networking.UDP", "Runtime\SharpBattleNet.Runtime.Networking.UDP\SharpBattleNet.Runtime.Networking.UDP.csproj", "{57F854BC-99DB-4719-B435-7E8F3785B9E2}"
EndProject
Project("{FAE04EC0-301F-11D3-BF4B-00C04F79EFBC}") = "SharpBattleNet.External.Configuration", "External\SharpBattleNet.External.Configuration\SharpBattleNet.External.Configuration.csproj", "{57E90E05-47C2-4076-BBC7-F606634900C6}"
EndProject
Global
	GlobalSection(SolutionConfigurationPlatforms) = preSolution
		Debug|Any CPU = Debug|Any CPU
		Release|Any CPU = Release|Any CPU
	EndGlobalSection
	GlobalSection(ProjectConfigurationPlatforms) = postSolution
		{C81E12FD-6309-40CB-9FE5-39735C2D1FF9}.Debug|Any CPU.ActiveCfg = Debug|Any CPU
		{C81E12FD-6309-40CB-9FE5-39735C2D1FF9}.Debug|Any CPU.Build.0 = Debug|Any CPU
		{C81E12FD-6309-40CB-9FE5-39735C2D1FF9}.Release|Any CPU.ActiveCfg = Release|Any CPU
		{C81E12FD-6309-40CB-9FE5-39735C2D1FF9}.Release|Any CPU.Build.0 = Release|Any CPU
		{7F4843B2-2205-4A25-9BE1-44CA646AC97D}.Debug|Any CPU.ActiveCfg = Debug|Any CPU
		{7F4843B2-2205-4A25-9BE1-44CA646AC97D}.Debug|Any CPU.Build.0 = Debug|Any CPU
		{7F4843B2-2205-4A25-9BE1-44CA646AC97D}.Release|Any CPU.ActiveCfg = Release|Any CPU
		{7F4843B2-2205-4A25-9BE1-44CA646AC97D}.Release|Any CPU.Build.0 = Release|Any CPU
		{8DB14FFE-D08D-428B-AFBB-52337352FDF5}.Debug|Any CPU.ActiveCfg = Debug|Any CPU
		{8DB14FFE-D08D-428B-AFBB-52337352FDF5}.Debug|Any CPU.Build.0 = Debug|Any CPU
		{8DB14FFE-D08D-428B-AFBB-52337352FDF5}.Release|Any CPU.ActiveCfg = Release|Any CPU
		{8DB14FFE-D08D-428B-AFBB-52337352FDF5}.Release|Any CPU.Build.0 = Release|Any CPU
		{BE5DBA5D-7B69-46AB-B58C-DEEC2C4922DA}.Debug|Any CPU.ActiveCfg = Debug|Any CPU
		{BE5DBA5D-7B69-46AB-B58C-DEEC2C4922DA}.Debug|Any CPU.Build.0 = Debug|Any CPU
		{BE5DBA5D-7B69-46AB-B58C-DEEC2C4922DA}.Release|Any CPU.ActiveCfg = Release|Any CPU
		{BE5DBA5D-7B69-46AB-B58C-DEEC2C4922DA}.Release|Any CPU.Build.0 = Release|Any CPU
		{72992102-9792-4899-B500-C0DC47736529}.Debug|Any CPU.ActiveCfg = Debug|Any CPU
		{72992102-9792-4899-B500-C0DC47736529}.Debug|Any CPU.Build.0 = Debug|Any CPU
		{72992102-9792-4899-B500-C0DC47736529}.Release|Any CPU.ActiveCfg = Release|Any CPU
		{72992102-9792-4899-B500-C0DC47736529}.Release|Any CPU.Build.0 = Release|Any CPU
		{D40EE1B5-3BB9-4EF6-AFEB-825379914887}.Debug|Any CPU.ActiveCfg = Debug|Any CPU
		{D40EE1B5-3BB9-4EF6-AFEB-825379914887}.Debug|Any CPU.Build.0 = Debug|Any CPU
		{D40EE1B5-3BB9-4EF6-AFEB-825379914887}.Release|Any CPU.ActiveCfg = Release|Any CPU
		{D40EE1B5-3BB9-4EF6-AFEB-825379914887}.Release|Any CPU.Build.0 = Release|Any CPU
		{51A40588-DE5A-4EC8-8809-5C27C4851E52}.Debug|Any CPU.ActiveCfg = Debug|Any CPU
		{51A40588-DE5A-4EC8-8809-5C27C4851E52}.Debug|Any CPU.Build.0 = Debug|Any CPU
		{51A40588-DE5A-4EC8-8809-5C27C4851E52}.Release|Any CPU.ActiveCfg = Release|Any CPU
		{51A40588-DE5A-4EC8-8809-5C27C4851E52}.Release|Any CPU.Build.0 = Release|Any CPU
		{2B30BB09-89A5-40DE-8E17-9135691894B3}.Debug|Any CPU.ActiveCfg = Debug|Any CPU
		{2B30BB09-89A5-40DE-8E17-9135691894B3}.Debug|Any CPU.Build.0 = Debug|Any CPU
		{2B30BB09-89A5-40DE-8E17-9135691894B3}.Release|Any CPU.ActiveCfg = Release|Any CPU
		{2B30BB09-89A5-40DE-8E17-9135691894B3}.Release|Any CPU.Build.0 = Release|Any CPU
		{A99E4A43-869E-4D11-88E2-9E5A2B481FBA}.Debug|Any CPU.ActiveCfg = Debug|Any CPU
		{A99E4A43-869E-4D11-88E2-9E5A2B481FBA}.Debug|Any CPU.Build.0 = Debug|Any CPU
		{A99E4A43-869E-4D11-88E2-9E5A2B481FBA}.Release|Any CPU.ActiveCfg = Release|Any CPU
		{A99E4A43-869E-4D11-88E2-9E5A2B481FBA}.Release|Any CPU.Build.0 = Release|Any CPU
		{FDB8D2C5-FD13-40E7-B629-CE71A68BB7B7}.Debug|Any CPU.ActiveCfg = Debug|Any CPU
		{FDB8D2C5-FD13-40E7-B629-CE71A68BB7B7}.Debug|Any CPU.Build.0 = Debug|Any CPU
		{FDB8D2C5-FD13-40E7-B629-CE71A68BB7B7}.Release|Any CPU.ActiveCfg = Release|Any CPU
		{FDB8D2C5-FD13-40E7-B629-CE71A68BB7B7}.Release|Any CPU.Build.0 = Release|Any CPU
		{B838D207-FAD1-4EE1-95B5-DCB240D1A0AA}.Debug|Any CPU.ActiveCfg = Debug|Any CPU
		{B838D207-FAD1-4EE1-95B5-DCB240D1A0AA}.Debug|Any CPU.Build.0 = Debug|Any CPU
		{B838D207-FAD1-4EE1-95B5-DCB240D1A0AA}.Release|Any CPU.ActiveCfg = Release|Any CPU
		{B838D207-FAD1-4EE1-95B5-DCB240D1A0AA}.Release|Any CPU.Build.0 = Release|Any CPU
		{CD359F42-C4E6-4C6A-A1A7-C56951C8CC8A}.Debug|Any CPU.ActiveCfg = Debug|Any CPU
		{CD359F42-C4E6-4C6A-A1A7-C56951C8CC8A}.Debug|Any CPU.Build.0 = Debug|Any CPU
		{CD359F42-C4E6-4C6A-A1A7-C56951C8CC8A}.Release|Any CPU.ActiveCfg = Release|Any CPU
		{CD359F42-C4E6-4C6A-A1A7-C56951C8CC8A}.Release|Any CPU.Build.0 = Release|Any CPU
		{C4E425C6-1817-4190-8358-6A822FD6D504}.Debug|Any CPU.ActiveCfg = Debug|Any CPU
		{C4E425C6-1817-4190-8358-6A822FD6D504}.Debug|Any CPU.Build.0 = Debug|Any CPU
		{C4E425C6-1817-4190-8358-6A822FD6D504}.Release|Any CPU.ActiveCfg = Release|Any CPU
		{C4E425C6-1817-4190-8358-6A822FD6D504}.Release|Any CPU.Build.0 = Release|Any CPU
		{57F854BC-99DB-4719-B435-7E8F3785B9E2}.Debug|Any CPU.ActiveCfg = Debug|Any CPU
		{57F854BC-99DB-4719-B435-7E8F3785B9E2}.Debug|Any CPU.Build.0 = Debug|Any CPU
		{57F854BC-99DB-4719-B435-7E8F3785B9E2}.Release|Any CPU.ActiveCfg = Release|Any CPU
		{57F854BC-99DB-4719-B435-7E8F3785B9E2}.Release|Any CPU.Build.0 = Release|Any CPU
		{57E90E05-47C2-4076-BBC7-F606634900C6}.Debug|Any CPU.ActiveCfg = Debug|Any CPU
		{57E90E05-47C2-4076-BBC7-F606634900C6}.Debug|Any CPU.Build.0 = Debug|Any CPU
		{57E90E05-47C2-4076-BBC7-F606634900C6}.Release|Any CPU.ActiveCfg = Release|Any CPU
		{57E90E05-47C2-4076-BBC7-F606634900C6}.Release|Any CPU.Build.0 = Release|Any CPU
	EndGlobalSection
	GlobalSection(SolutionProperties) = preSolution
		HideSolutionNode = FALSE
	EndGlobalSection
	GlobalSection(NestedProjects) = preSolution
		{BE6B5269-B011-412A-BFBC-FE7DF3CB279F} = {4081D085-F3AC-41EA-A8A3-E16335BF5B30}
		{81CC1977-69B2-4838-9233-6A4D87FBB94F} = {4081D085-F3AC-41EA-A8A3-E16335BF5B30}
		{F9C3FDA8-455F-4FCD-BA6F-636A2F148168} = {4081D085-F3AC-41EA-A8A3-E16335BF5B30}
		{F3424010-902B-490F-AA71-870A22662C20} = {F9C3FDA8-455F-4FCD-BA6F-636A2F148168}
		{9884749E-3E8A-45C5-B64B-A74171D9088A} = {F9C3FDA8-455F-4FCD-BA6F-636A2F148168}
		{74691160-317F-4668-97A8-37FD30D91ACF} = {F9C3FDA8-455F-4FCD-BA6F-636A2F148168}
		{C994D99D-35F2-494C-84D6-19B84371C298} = {F9C3FDA8-455F-4FCD-BA6F-636A2F148168}
		{C81E12FD-6309-40CB-9FE5-39735C2D1FF9} = {BE6B5269-B011-412A-BFBC-FE7DF3CB279F}
		{7F4843B2-2205-4A25-9BE1-44CA646AC97D} = {F3424010-902B-490F-AA71-870A22662C20}
		{8DB14FFE-D08D-428B-AFBB-52337352FDF5} = {F3424010-902B-490F-AA71-870A22662C20}
		{BE5DBA5D-7B69-46AB-B58C-DEEC2C4922DA} = {9884749E-3E8A-45C5-B64B-A74171D9088A}
		{72992102-9792-4899-B500-C0DC47736529} = {9884749E-3E8A-45C5-B64B-A74171D9088A}
		{D40EE1B5-3BB9-4EF6-AFEB-825379914887} = {C994D99D-35F2-494C-84D6-19B84371C298}
		{51A40588-DE5A-4EC8-8809-5C27C4851E52} = {C994D99D-35F2-494C-84D6-19B84371C298}
		{2B30BB09-89A5-40DE-8E17-9135691894B3} = {74691160-317F-4668-97A8-37FD30D91ACF}
		{A99E4A43-869E-4D11-88E2-9E5A2B481FBA} = {74691160-317F-4668-97A8-37FD30D91ACF}
		{FDB8D2C5-FD13-40E7-B629-CE71A68BB7B7} = {81CC1977-69B2-4838-9233-6A4D87FBB94F}
		{B838D207-FAD1-4EE1-95B5-DCB240D1A0AA} = {81CC1977-69B2-4838-9233-6A4D87FBB94F}
		{CD359F42-C4E6-4C6A-A1A7-C56951C8CC8A} = {81CC1977-69B2-4838-9233-6A4D87FBB94F}
		{C4E425C6-1817-4190-8358-6A822FD6D504} = {81CC1977-69B2-4838-9233-6A4D87FBB94F}
		{57F854BC-99DB-4719-B435-7E8F3785B9E2} = {81CC1977-69B2-4838-9233-6A4D87FBB94F}
		{57E90E05-47C2-4076-BBC7-F606634900C6} = {BE6B5269-B011-412A-BFBC-FE7DF3CB279F}
	EndGlobalSection
EndGlobal
