Microsoft Visual Studio Solution File, Format Version 12.00
# Visual Studio Express 2013 for Windows Desktop
VisualStudioVersion = 12.0.30723.0
MinimumVisualStudioVersion = 10.0.40219.1
Project("{2150E333-8FDC-42A3-9474-1A3956D46DE8}") = "Tools", "Tools", "{D7133F8D-49F7-4D74-BD07-E96B8124C177}"
	ProjectSection(SolutionItems) = preProject
		..\Tools\InstallGateways.bat = ..\Tools\InstallGateways.bat
	EndProjectSection
EndProject
Project("{2150E333-8FDC-42A3-9474-1A3956D46DE8}") = "Documents", "Documents", "{5E899FB9-1537-4C9E-8B0D-6986D12A830B}"
	ProjectSection(SolutionItems) = preProject
		..\LICENSE = ..\LICENSE
		..\README.md = ..\README.md
	EndProjectSection
EndProject
Project("{2150E333-8FDC-42A3-9474-1A3956D46DE8}") = "Configuration", "Configuration", "{F9C13DB9-49FB-4909-8078-10BB0434DEDF}"
EndProject
Project("{2150E333-8FDC-42A3-9474-1A3956D46DE8}") = "Code", "Code", "{4081D085-F3AC-41EA-A8A3-E16335BF5B30}"
EndProject
Project("{2150E333-8FDC-42A3-9474-1A3956D46DE8}") = "External", "External", "{BE6B5269-B011-412A-BFBC-FE7DF3CB279F}"
EndProject
Project("{2150E333-8FDC-42A3-9474-1A3956D46DE8}") = "Runtime", "Runtime", "{81CC1977-69B2-4838-9233-6A4D87FBB94F}"
EndProject
Project("{2150E333-8FDC-42A3-9474-1A3956D46DE8}") = "Programs", "Programs", "{F9C3FDA8-455F-4FCD-BA6F-636A2F148168}"
EndProject
Project("{2150E333-8FDC-42A3-9474-1A3956D46DE8}") = "Networking", "Networking", "{582A303D-E8DC-46E0-A97D-5D6216934D29}"
EndProject
Project("{2150E333-8FDC-42A3-9474-1A3956D46DE8}") = "DiabloIIGameServer", "DiabloIIGameServer", "{F3424010-902B-490F-AA71-870A22662C20}"
EndProject
Project("{2150E333-8FDC-42A3-9474-1A3956D46DE8}") = "DiabloIIRealmServer", "DiabloIIRealmServer", "{9884749E-3E8A-45C5-B64B-A74171D9088A}"
EndProject
Project("{2150E333-8FDC-42A3-9474-1A3956D46DE8}") = "WarCraftIIIRouteServer", "WarCraftIIIRouteServer", "{74691160-317F-4668-97A8-37FD30D91ACF}"
EndProject
Project("{2150E333-8FDC-42A3-9474-1A3956D46DE8}") = "MasterServer", "MasterServer", "{C994D99D-35F2-494C-84D6-19B84371C298}"
EndProject
Global
	GlobalSection(SolutionProperties) = preSolution
		HideSolutionNode = FALSE
	EndGlobalSection
	GlobalSection(NestedProjects) = preSolution
		{BE6B5269-B011-412A-BFBC-FE7DF3CB279F} = {4081D085-F3AC-41EA-A8A3-E16335BF5B30}
		{81CC1977-69B2-4838-9233-6A4D87FBB94F} = {4081D085-F3AC-41EA-A8A3-E16335BF5B30}
		{F9C3FDA8-455F-4FCD-BA6F-636A2F148168} = {4081D085-F3AC-41EA-A8A3-E16335BF5B30}
		{582A303D-E8DC-46E0-A97D-5D6216934D29} = {81CC1977-69B2-4838-9233-6A4D87FBB94F}
		{F3424010-902B-490F-AA71-870A22662C20} = {F9C3FDA8-455F-4FCD-BA6F-636A2F148168}
		{9884749E-3E8A-45C5-B64B-A74171D9088A} = {F9C3FDA8-455F-4FCD-BA6F-636A2F148168}
		{74691160-317F-4668-97A8-37FD30D91ACF} = {F9C3FDA8-455F-4FCD-BA6F-636A2F148168}
		{C994D99D-35F2-494C-84D6-19B84371C298} = {F9C3FDA8-455F-4FCD-BA6F-636A2F148168}
	EndGlobalSection
EndGlobal
